// !$*UTF8*$!
{
	archiveVersion = 1;
	classes = {
	};
	objectVersion = 55;
	objects = {

/* Begin PBXBuildFile section */
		2CC9A8B1EBC8C65FB0C32E51 /* Pods_VisionDemoProject.framework in Frameworks */ = {isa = PBXBuildFile; fileRef = 216E7516D2ED512F883BCF6E /* Pods_VisionDemoProject.framework */; };
		542E8A6D274A9EF70054A16F /* VisionDemoProjectApp.swift in Sources */ = {isa = PBXBuildFile; fileRef = 542E8A6C274A9EF70054A16F /* VisionDemoProjectApp.swift */; };
		542E8A6F274A9EF70054A16F /* ContentView.swift in Sources */ = {isa = PBXBuildFile; fileRef = 542E8A6E274A9EF70054A16F /* ContentView.swift */; };
		542E8A71274A9EF90054A16F /* Assets.xcassets in Resources */ = {isa = PBXBuildFile; fileRef = 542E8A70274A9EF90054A16F /* Assets.xcassets */; };
		542E8A74274A9EF90054A16F /* Preview Assets.xcassets in Resources */ = {isa = PBXBuildFile; fileRef = 542E8A73274A9EF90054A16F /* Preview Assets.xcassets */; };
		542E8A84274AA0C30054A16F /* DIContainer.swift in Sources */ = {isa = PBXBuildFile; fileRef = 542E8A82274AA0C20054A16F /* DIContainer.swift */; };
		542E8A85274AA0C30054A16F /* Injected.swift in Sources */ = {isa = PBXBuildFile; fileRef = 542E8A83274AA0C30054A16F /* Injected.swift */; };
		542E8A89274AA1490054A16F /* CacheService.swift in Sources */ = {isa = PBXBuildFile; fileRef = 542E8A87274AA1490054A16F /* CacheService.swift */; };
		542E8A8A274AA1490054A16F /* VisionService.swift in Sources */ = {isa = PBXBuildFile; fileRef = 542E8A88274AA1490054A16F /* VisionService.swift */; };
		542E8A8D274AA1880054A16F /* SavedState.swift in Sources */ = {isa = PBXBuildFile; fileRef = 542E8A8C274AA1880054A16F /* SavedState.swift */; };
		542E8A8F274AA1980054A16F /* Constants.swift in Sources */ = {isa = PBXBuildFile; fileRef = 542E8A8E274AA1980054A16F /* Constants.swift */; };
/* End PBXBuildFile section */

/* Begin PBXFileReference section */
		216E7516D2ED512F883BCF6E /* Pods_VisionDemoProject.framework */ = {isa = PBXFileReference; explicitFileType = wrapper.framework; includeInIndex = 0; path = Pods_VisionDemoProject.framework; sourceTree = BUILT_PRODUCTS_DIR; };
		542E8A69274A9EF70054A16F /* VisionDemoProject.app */ = {isa = PBXFileReference; explicitFileType = wrapper.application; includeInIndex = 0; path = VisionDemoProject.app; sourceTree = BUILT_PRODUCTS_DIR; };
		542E8A6C274A9EF70054A16F /* VisionDemoProjectApp.swift */ = {isa = PBXFileReference; lastKnownFileType = sourcecode.swift; path = VisionDemoProjectApp.swift; sourceTree = "<group>"; };
		542E8A6E274A9EF70054A16F /* ContentView.swift */ = {isa = PBXFileReference; lastKnownFileType = sourcecode.swift; path = ContentView.swift; sourceTree = "<group>"; };
		542E8A70274A9EF90054A16F /* Assets.xcassets */ = {isa = PBXFileReference; lastKnownFileType = folder.assetcatalog; path = Assets.xcassets; sourceTree = "<group>"; };
		542E8A73274A9EF90054A16F /* Preview Assets.xcassets */ = {isa = PBXFileReference; lastKnownFileType = folder.assetcatalog; path = "Preview Assets.xcassets"; sourceTree = "<group>"; };
		542E8A82274AA0C20054A16F /* DIContainer.swift */ = {isa = PBXFileReference; fileEncoding = 4; lastKnownFileType = sourcecode.swift; path = DIContainer.swift; sourceTree = "<group>"; };
		542E8A83274AA0C30054A16F /* Injected.swift */ = {isa = PBXFileReference; fileEncoding = 4; lastKnownFileType = sourcecode.swift; path = Injected.swift; sourceTree = "<group>"; };
		542E8A87274AA1490054A16F /* CacheService.swift */ = {isa = PBXFileReference; fileEncoding = 4; lastKnownFileType = sourcecode.swift; path = CacheService.swift; sourceTree = "<group>"; };
		542E8A88274AA1490054A16F /* VisionService.swift */ = {isa = PBXFileReference; fileEncoding = 4; lastKnownFileType = sourcecode.swift; path = VisionService.swift; sourceTree = "<group>"; };
		542E8A8C274AA1880054A16F /* SavedState.swift */ = {isa = PBXFileReference; fileEncoding = 4; lastKnownFileType = sourcecode.swift; path = SavedState.swift; sourceTree = "<group>"; };
		542E8A8E274AA1980054A16F /* Constants.swift */ = {isa = PBXFileReference; fileEncoding = 4; lastKnownFileType = sourcecode.swift; path = Constants.swift; sourceTree = "<group>"; };
		BC7D1B4B7D26EACF2004AE94 /* Pods-VisionDemoProject.debug.xcconfig */ = {isa = PBXFileReference; includeInIndex = 1; lastKnownFileType = text.xcconfig; name = "Pods-VisionDemoProject.debug.xcconfig"; path = "Target Support Files/Pods-VisionDemoProject/Pods-VisionDemoProject.debug.xcconfig"; sourceTree = "<group>"; };
		C2E2030C87C7DB9EBFE68EFE /* Pods-VisionDemoProject.release.xcconfig */ = {isa = PBXFileReference; includeInIndex = 1; lastKnownFileType = text.xcconfig; name = "Pods-VisionDemoProject.release.xcconfig"; path = "Target Support Files/Pods-VisionDemoProject/Pods-VisionDemoProject.release.xcconfig"; sourceTree = "<group>"; };
/* End PBXFileReference section */

/* Begin PBXFrameworksBuildPhase section */
		542E8A66274A9EF70054A16F /* Frameworks */ = {
			isa = PBXFrameworksBuildPhase;
			buildActionMask = 2147483647;
			files = (
				2CC9A8B1EBC8C65FB0C32E51 /* Pods_VisionDemoProject.framework in Frameworks */,
			);
			runOnlyForDeploymentPostprocessing = 0;
		};
/* End PBXFrameworksBuildPhase section */

/* Begin PBXGroup section */
		542E8A60274A9EF70054A16F = {
			isa = PBXGroup;
			children = (
				542E8A6B274A9EF70054A16F /* VisionDemoProject */,
				542E8A6A274A9EF70054A16F /* Products */,
				879502E67A39B808A7D6D78A /* Pods */,
				632D29FB7546984880CC47D2 /* Frameworks */,
			);
			sourceTree = "<group>";
		};
		542E8A6A274A9EF70054A16F /* Products */ = {
			isa = PBXGroup;
			children = (
				542E8A69274A9EF70054A16F /* VisionDemoProject.app */,
			);
			name = Products;
			sourceTree = "<group>";
		};
		542E8A6B274A9EF70054A16F /* VisionDemoProject */ = {
			isa = PBXGroup;
			children = (
				542E8A7C274AA02C0054A16F /* Common */,
				542E8A6C274A9EF70054A16F /* VisionDemoProjectApp.swift */,
				542E8A6E274A9EF70054A16F /* ContentView.swift */,
				542E8A70274A9EF90054A16F /* Assets.xcassets */,
				542E8A72274A9EF90054A16F /* Preview Content */,
			);
			path = VisionDemoProject;
			sourceTree = "<group>";
		};
		542E8A72274A9EF90054A16F /* Preview Content */ = {
			isa = PBXGroup;
			children = (
				542E8A73274A9EF90054A16F /* Preview Assets.xcassets */,
			);
			path = "Preview Content";
			sourceTree = "<group>";
		};
		542E8A7C274AA02C0054A16F /* Common */ = {
			isa = PBXGroup;
			children = (
				542E8A8E274AA1980054A16F /* Constants.swift */,
				542E8A8B274AA17E0054A16F /* Models */,
				542E8A86274AA13A0054A16F /* Services */,
				542E8A7D274AA0820054A16F /* Dependecy Injection */,
			);
			path = Common;
			sourceTree = "<group>";
		};
		542E8A7D274AA0820054A16F /* Dependecy Injection */ = {
			isa = PBXGroup;
			children = (
				542E8A82274AA0C20054A16F /* DIContainer.swift */,
				542E8A83274AA0C30054A16F /* Injected.swift */,
			);
			path = "Dependecy Injection";
			sourceTree = "<group>";
		};
		542E8A86274AA13A0054A16F /* Services */ = {
			isa = PBXGroup;
			children = (
				542E8A87274AA1490054A16F /* CacheService.swift */,
				542E8A88274AA1490054A16F /* VisionService.swift */,
			);
			path = Services;
			sourceTree = "<group>";
		};
		542E8A8B274AA17E0054A16F /* Models */ = {
			isa = PBXGroup;
			children = (
				542E8A8C274AA1880054A16F /* SavedState.swift */,
			);
			path = Models;
			sourceTree = "<group>";
		};
		632D29FB7546984880CC47D2 /* Frameworks */ = {
			isa = PBXGroup;
			children = (
				216E7516D2ED512F883BCF6E /* Pods_VisionDemoProject.framework */,
			);
			name = Frameworks;
			sourceTree = "<group>";
		};
		879502E67A39B808A7D6D78A /* Pods */ = {
			isa = PBXGroup;
			children = (
				BC7D1B4B7D26EACF2004AE94 /* Pods-VisionDemoProject.debug.xcconfig */,
				C2E2030C87C7DB9EBFE68EFE /* Pods-VisionDemoProject.release.xcconfig */,
			);
			path = Pods;
			sourceTree = "<group>";
		};
/* End PBXGroup section */

/* Begin PBXNativeTarget section */
		542E8A68274A9EF70054A16F /* VisionDemoProject */ = {
			isa = PBXNativeTarget;
			buildConfigurationList = 542E8A77274A9EF90054A16F /* Build configuration list for PBXNativeTarget "VisionDemoProject" */;
			buildPhases = (
				542E8A7B274A9FCB0054A16F /* SwiftFormat */,
				691605347F33ED8806056DDD /* [CP] Check Pods Manifest.lock */,
				542E8A65274A9EF70054A16F /* Sources */,
				542E8A66274A9EF70054A16F /* Frameworks */,
				542E8A67274A9EF70054A16F /* Resources */,
				542E8A7A274A9FC30054A16F /* SwiftLint */,
			);
			buildRules = (
			);
			dependencies = (
			);
			name = VisionDemoProject;
			productName = VisionDemoProject;
			productReference = 542E8A69274A9EF70054A16F /* VisionDemoProject.app */;
			productType = "com.apple.product-type.application";
		};
/* End PBXNativeTarget section */

/* Begin PBXProject section */
		542E8A61274A9EF70054A16F /* Project object */ = {
			isa = PBXProject;
			attributes = {
				BuildIndependentTargetsInParallel = 1;
				LastSwiftUpdateCheck = 1310;
				LastUpgradeCheck = 1310;
				TargetAttributes = {
					542E8A68274A9EF70054A16F = {
						CreatedOnToolsVersion = 13.1;
					};
				};
			};
			buildConfigurationList = 542E8A64274A9EF70054A16F /* Build configuration list for PBXProject "VisionDemoProject" */;
			compatibilityVersion = "Xcode 13.0";
			developmentRegion = en;
			hasScannedForEncodings = 0;
			knownRegions = (
				en,
				Base,
			);
			mainGroup = 542E8A60274A9EF70054A16F;
			productRefGroup = 542E8A6A274A9EF70054A16F /* Products */;
			projectDirPath = "";
			projectRoot = "";
			targets = (
				542E8A68274A9EF70054A16F /* VisionDemoProject */,
			);
		};
/* End PBXProject section */

/* Begin PBXResourcesBuildPhase section */
		542E8A67274A9EF70054A16F /* Resources */ = {
			isa = PBXResourcesBuildPhase;
			buildActionMask = 2147483647;
			files = (
				542E8A74274A9EF90054A16F /* Preview Assets.xcassets in Resources */,
				542E8A71274A9EF90054A16F /* Assets.xcassets in Resources */,
			);
			runOnlyForDeploymentPostprocessing = 0;
		};
/* End PBXResourcesBuildPhase section */

/* Begin PBXShellScriptBuildPhase section */
		542E8A7A274A9FC30054A16F /* SwiftLint */ = {
			isa = PBXShellScriptBuildPhase;
			buildActionMask = 2147483647;
			files = (
			);
			inputFileListPaths = (
			);
			inputPaths = (
			);
			name = SwiftLint;
			outputFileListPaths = (
			);
			outputPaths = (
			);
			runOnlyForDeploymentPostprocessing = 0;
			shellPath = /bin/sh;
			shellScript = "podSwiftlint=\"${PODS_ROOT}/SwiftLint/swiftlint\"\n\nif [ -f \"$podSwiftlint\" ]; then\n    $podSwiftlint\nelse\n    echo \"'warning: Cannot find SwiftLint in the expected Cocoapods location.\"\nfi\n";
		};
		542E8A7B274A9FCB0054A16F /* SwiftFormat */ = {
			isa = PBXShellScriptBuildPhase;
			buildActionMask = 2147483647;
			files = (
			);
			inputFileListPaths = (
			);
			inputPaths = (
			);
			name = SwiftFormat;
			outputFileListPaths = (
			);
			outputPaths = (
			);
			runOnlyForDeploymentPostprocessing = 0;
			shellPath = /bin/sh;
			shellScript = "\"${PODS_ROOT}/SwiftFormat/CommandLineTool/swiftformat\" .\n";
		};
		691605347F33ED8806056DDD /* [CP] Check Pods Manifest.lock */ = {
			isa = PBXShellScriptBuildPhase;
			buildActionMask = 2147483647;
			files = (
			);
			inputFileListPaths = (
			);
			inputPaths = (
				"${PODS_PODFILE_DIR_PATH}/Podfile.lock",
				"${PODS_ROOT}/Manifest.lock",
			);
			name = "[CP] Check Pods Manifest.lock";
			outputFileListPaths = (
			);
			outputPaths = (
				"$(DERIVED_FILE_DIR)/Pods-VisionDemoProject-checkManifestLockResult.txt",
			);
			runOnlyForDeploymentPostprocessing = 0;
			shellPath = /bin/sh;
			shellScript = "diff \"${PODS_PODFILE_DIR_PATH}/Podfile.lock\" \"${PODS_ROOT}/Manifest.lock\" > /dev/null\nif [ $? != 0 ] ; then\n    # print error to STDERR\n    echo \"error: The sandbox is not in sync with the Podfile.lock. Run 'pod install' or update your CocoaPods installation.\" >&2\n    exit 1\nfi\n# This output is used by Xcode 'outputs' to avoid re-running this script phase.\necho \"SUCCESS\" > \"${SCRIPT_OUTPUT_FILE_0}\"\n";
			showEnvVarsInLog = 0;
		};
/* End PBXShellScriptBuildPhase section */

/* Begin PBXSourcesBuildPhase section */
		542E8A65274A9EF70054A16F /* Sources */ = {
			isa = PBXSourcesBuildPhase;
			buildActionMask = 2147483647;
			files = (
				542E8A6F274A9EF70054A16F /* ContentView.swift in Sources */,
				542E8A8D274AA1880054A16F /* SavedState.swift in Sources */,
				542E8A8A274AA1490054A16F /* VisionService.swift in Sources */,
				542E8A84274AA0C30054A16F /* DIContainer.swift in Sources */,
				542E8A6D274A9EF70054A16F /* VisionDemoProjectApp.swift in Sources */,
				542E8A85274AA0C30054A16F /* Injected.swift in Sources */,
				542E8A89274AA1490054A16F /* CacheService.swift in Sources */,
				542E8A8F274AA1980054A16F /* Constants.swift in Sources */,
			);
			runOnlyForDeploymentPostprocessing = 0;
		};
/* End PBXSourcesBuildPhase section */

/* Begin XCBuildConfiguration section */
		542E8A75274A9EF90054A16F /* Debug */ = {
			isa = XCBuildConfiguration;
			buildSettings = {
				ALWAYS_SEARCH_USER_PATHS = NO;
				CLANG_ANALYZER_NONNULL = YES;
				CLANG_ANALYZER_NUMBER_OBJECT_CONVERSION = YES_AGGRESSIVE;
				CLANG_CXX_LANGUAGE_STANDARD = "gnu++17";
				CLANG_CXX_LIBRARY = "libc++";
				CLANG_ENABLE_MODULES = YES;
				CLANG_ENABLE_OBJC_ARC = YES;
				CLANG_ENABLE_OBJC_WEAK = YES;
				CLANG_WARN_BLOCK_CAPTURE_AUTORELEASING = YES;
				CLANG_WARN_BOOL_CONVERSION = YES;
				CLANG_WARN_COMMA = YES;
				CLANG_WARN_CONSTANT_CONVERSION = YES;
				CLANG_WARN_DEPRECATED_OBJC_IMPLEMENTATIONS = YES;
				CLANG_WARN_DIRECT_OBJC_ISA_USAGE = YES_ERROR;
				CLANG_WARN_DOCUMENTATION_COMMENTS = YES;
				CLANG_WARN_EMPTY_BODY = YES;
				CLANG_WARN_ENUM_CONVERSION = YES;
				CLANG_WARN_INFINITE_RECURSION = YES;
				CLANG_WARN_INT_CONVERSION = YES;
				CLANG_WARN_NON_LITERAL_NULL_CONVERSION = YES;
				CLANG_WARN_OBJC_IMPLICIT_RETAIN_SELF = YES;
				CLANG_WARN_OBJC_LITERAL_CONVERSION = YES;
				CLANG_WARN_OBJC_ROOT_CLASS = YES_ERROR;
				CLANG_WARN_QUOTED_INCLUDE_IN_FRAMEWORK_HEADER = YES;
				CLANG_WARN_RANGE_LOOP_ANALYSIS = YES;
				CLANG_WARN_STRICT_PROTOTYPES = YES;
				CLANG_WARN_SUSPICIOUS_MOVE = YES;
				CLANG_WARN_UNGUARDED_AVAILABILITY = YES_AGGRESSIVE;
				CLANG_WARN_UNREACHABLE_CODE = YES;
				CLANG_WARN__DUPLICATE_METHOD_MATCH = YES;
				COPY_PHASE_STRIP = NO;
				DEBUG_INFORMATION_FORMAT = dwarf;
				ENABLE_STRICT_OBJC_MSGSEND = YES;
				ENABLE_TESTABILITY = YES;
				GCC_C_LANGUAGE_STANDARD = gnu11;
				GCC_DYNAMIC_NO_PIC = NO;
				GCC_NO_COMMON_BLOCKS = YES;
				GCC_OPTIMIZATION_LEVEL = 0;
				GCC_PREPROCESSOR_DEFINITIONS = (
					"DEBUG=1",
					"$(inherited)",
				);
				GCC_WARN_64_TO_32_BIT_CONVERSION = YES;
				GCC_WARN_ABOUT_RETURN_TYPE = YES_ERROR;
				GCC_WARN_UNDECLARED_SELECTOR = YES;
				GCC_WARN_UNINITIALIZED_AUTOS = YES_AGGRESSIVE;
				GCC_WARN_UNUSED_FUNCTION = YES;
				GCC_WARN_UNUSED_VARIABLE = YES;
				IPHONEOS_DEPLOYMENT_TARGET = 15.0;
				MTL_ENABLE_DEBUG_INFO = INCLUDE_SOURCE;
				MTL_FAST_MATH = YES;
				ONLY_ACTIVE_ARCH = YES;
				SDKROOT = iphoneos;
				SWIFT_ACTIVE_COMPILATION_CONDITIONS = DEBUG;
				SWIFT_OPTIMIZATION_LEVEL = "-Onone";
			};
			name = Debug;
		};
		542E8A76274A9EF90054A16F /* Release */ = {
			isa = XCBuildConfiguration;
			buildSettings = {
				ALWAYS_SEARCH_USER_PATHS = NO;
				CLANG_ANALYZER_NONNULL = YES;
				CLANG_ANALYZER_NUMBER_OBJECT_CONVERSION = YES_AGGRESSIVE;
				CLANG_CXX_LANGUAGE_STANDARD = "gnu++17";
				CLANG_CXX_LIBRARY = "libc++";
				CLANG_ENABLE_MODULES = YES;
				CLANG_ENABLE_OBJC_ARC = YES;
				CLANG_ENABLE_OBJC_WEAK = YES;
				CLANG_WARN_BLOCK_CAPTURE_AUTORELEASING = YES;
				CLANG_WARN_BOOL_CONVERSION = YES;
				CLANG_WARN_COMMA = YES;
				CLANG_WARN_CONSTANT_CONVERSION = YES;
				CLANG_WARN_DEPRECATED_OBJC_IMPLEMENTATIONS = YES;
				CLANG_WARN_DIRECT_OBJC_ISA_USAGE = YES_ERROR;
				CLANG_WARN_DOCUMENTATION_COMMENTS = YES;
				CLANG_WARN_EMPTY_BODY = YES;
				CLANG_WARN_ENUM_CONVERSION = YES;
				CLANG_WARN_INFINITE_RECURSION = YES;
				CLANG_WARN_INT_CONVERSION = YES;
				CLANG_WARN_NON_LITERAL_NULL_CONVERSION = YES;
				CLANG_WARN_OBJC_IMPLICIT_RETAIN_SELF = YES;
				CLANG_WARN_OBJC_LITERAL_CONVERSION = YES;
				CLANG_WARN_OBJC_ROOT_CLASS = YES_ERROR;
				CLANG_WARN_QUOTED_INCLUDE_IN_FRAMEWORK_HEADER = YES;
				CLANG_WARN_RANGE_LOOP_ANALYSIS = YES;
				CLANG_WARN_STRICT_PROTOTYPES = YES;
				CLANG_WARN_SUSPICIOUS_MOVE = YES;
				CLANG_WARN_UNGUARDED_AVAILABILITY = YES_AGGRESSIVE;
				CLANG_WARN_UNREACHABLE_CODE = YES;
				CLANG_WARN__DUPLICATE_METHOD_MATCH = YES;
				COPY_PHASE_STRIP = NO;
				DEBUG_INFORMATION_FORMAT = "dwarf-with-dsym";
				ENABLE_NS_ASSERTIONS = NO;
				ENABLE_STRICT_OBJC_MSGSEND = YES;
				GCC_C_LANGUAGE_STANDARD = gnu11;
				GCC_NO_COMMON_BLOCKS = YES;
				GCC_WARN_64_TO_32_BIT_CONVERSION = YES;
				GCC_WARN_ABOUT_RETURN_TYPE = YES_ERROR;
				GCC_WARN_UNDECLARED_SELECTOR = YES;
				GCC_WARN_UNINITIALIZED_AUTOS = YES_AGGRESSIVE;
				GCC_WARN_UNUSED_FUNCTION = YES;
				GCC_WARN_UNUSED_VARIABLE = YES;
				IPHONEOS_DEPLOYMENT_TARGET = 15.0;
				MTL_ENABLE_DEBUG_INFO = NO;
				MTL_FAST_MATH = YES;
				SDKROOT = iphoneos;
				SWIFT_COMPILATION_MODE = wholemodule;
				SWIFT_OPTIMIZATION_LEVEL = "-O";
				VALIDATE_PRODUCT = YES;
			};
			name = Release;
		};
		542E8A78274A9EF90054A16F /* Debug */ = {
			isa = XCBuildConfiguration;
			baseConfigurationReference = BC7D1B4B7D26EACF2004AE94 /* Pods-VisionDemoProject.debug.xcconfig */;
			buildSettings = {
				ASSETCATALOG_COMPILER_APPICON_NAME = AppIcon;
				ASSETCATALOG_COMPILER_GLOBAL_ACCENT_COLOR_NAME = AccentColor;
				CODE_SIGN_STYLE = Automatic;
				CURRENT_PROJECT_VERSION = 1;
				DEVELOPMENT_ASSET_PATHS = "\"VisionDemoProject/Preview Content\"";
				DEVELOPMENT_TEAM = M8YQ4PTLL8;
				ENABLE_PREVIEWS = YES;
				GENERATE_INFOPLIST_FILE = YES;
				INFOPLIST_KEY_UIApplicationSceneManifest_Generation = YES;
				INFOPLIST_KEY_UIApplicationSupportsIndirectInputEvents = YES;
				INFOPLIST_KEY_UILaunchScreen_Generation = YES;
				INFOPLIST_KEY_UISupportedInterfaceOrientations_iPad = "UIInterfaceOrientationPortrait UIInterfaceOrientationPortraitUpsideDown UIInterfaceOrientationLandscapeLeft UIInterfaceOrientationLandscapeRight";
				INFOPLIST_KEY_UISupportedInterfaceOrientations_iPhone = "UIInterfaceOrientationPortrait UIInterfaceOrientationLandscapeLeft UIInterfaceOrientationLandscapeRight";
				LD_RUNPATH_SEARCH_PATHS = (
					"$(inherited)",
					"@executable_path/Frameworks",
				);
				MARKETING_VERSION = 1.0;
				PRODUCT_BUNDLE_IDENTIFIER = com.nikigx2.VisionDemoProject;
				PRODUCT_NAME = "$(TARGET_NAME)";
				SWIFT_EMIT_LOC_STRINGS = YES;
				SWIFT_VERSION = 5.0;
				TARGETED_DEVICE_FAMILY = "1,2";
			};
			name = Debug;
		};
		542E8A79274A9EF90054A16F /* Release */ = {
			isa = XCBuildConfiguration;
			baseConfigurationReference = C2E2030C87C7DB9EBFE68EFE /* Pods-VisionDemoProject.release.xcconfig */;
			buildSettings = {
				ASSETCATALOG_COMPILER_APPICON_NAME = AppIcon;
				ASSETCATALOG_COMPILER_GLOBAL_ACCENT_COLOR_NAME = AccentColor;
				CODE_SIGN_STYLE = Automatic;
				CURRENT_PROJECT_VERSION = 1;
				DEVELOPMENT_ASSET_PATHS = "\"VisionDemoProject/Preview Content\"";
				DEVELOPMENT_TEAM = M8YQ4PTLL8;
				ENABLE_PREVIEWS = YES;
				GENERATE_INFOPLIST_FILE = YES;
				INFOPLIST_KEY_UIApplicationSceneManifest_Generation = YES;
				INFOPLIST_KEY_UIApplicationSupportsIndirectInputEvents = YES;
				INFOPLIST_KEY_UILaunchScreen_Generation = YES;
				INFOPLIST_KEY_UISupportedInterfaceOrientations_iPad = "UIInterfaceOrientationPortrait UIInterfaceOrientationPortraitUpsideDown UIInterfaceOrientationLandscapeLeft UIInterfaceOrientationLandscapeRight";
				INFOPLIST_KEY_UISupportedInterfaceOrientations_iPhone = "UIInterfaceOrientationPortrait UIInterfaceOrientationLandscapeLeft UIInterfaceOrientationLandscapeRight";
				LD_RUNPATH_SEARCH_PATHS = (
					"$(inherited)",
					"@executable_path/Frameworks",
				);
				MARKETING_VERSION = 1.0;
				PRODUCT_BUNDLE_IDENTIFIER = com.nikigx2.VisionDemoProject;
				PRODUCT_NAME = "$(TARGET_NAME)";
				SWIFT_EMIT_LOC_STRINGS = YES;
				SWIFT_VERSION = 5.0;
				TARGETED_DEVICE_FAMILY = "1,2";
			};
			name = Release;
		};
/* End XCBuildConfiguration section */

/* Begin XCConfigurationList section */
		542E8A64274A9EF70054A16F /* Build configuration list for PBXProject "VisionDemoProject" */ = {
			isa = XCConfigurationList;
			buildConfigurations = (
				542E8A75274A9EF90054A16F /* Debug */,
				542E8A76274A9EF90054A16F /* Release */,
			);
			defaultConfigurationIsVisible = 0;
			defaultConfigurationName = Release;
		};
		542E8A77274A9EF90054A16F /* Build configuration list for PBXNativeTarget "VisionDemoProject" */ = {
			isa = XCConfigurationList;
			buildConfigurations = (
				542E8A78274A9EF90054A16F /* Debug */,
				542E8A79274A9EF90054A16F /* Release */,
			);
			defaultConfigurationIsVisible = 0;
			defaultConfigurationName = Release;
		};
/* End XCConfigurationList section */
	};
	rootObject = 542E8A61274A9EF70054A16F /* Project object */;
}
